
Microsoft Visual Studio Solution File, Format Version 12.00
# Visual Studio 2012
Project("{FAE04EC0-301F-11D3-BF4B-00C04F79EFBC}") = "Model", "LensRentalApp2\Model\Model\Model.csproj", "{E69F05A4-B34A-4A64-8B30-E0CF39009275}"
EndProject
Project("{FAE04EC0-301F-11D3-BF4B-00C04F79EFBC}") = "BLL", "LensRentalApp2\BL\BLL\BLL.csproj", "{35225ED9-D6ED-4D85-BED2-2FAAB1AE70CE}"
EndProject
Project("{FAE04EC0-301F-11D3-BF4B-00C04F79EFBC}") = "DAL", "LensRentalApp2\DAL\DAL\DAL.csproj", "{6AFFB242-7535-4051-9460-22F2B93021A4}"
EndProject
Project("{E24C65DC-7377-472B-9ABA-BC803B73C61A}") = "LensRentalApp2", "http://localhost:2841", "{A8BF7E12-5859-4B21-BFA4-066091668C7D}"
	ProjectSection(WebsiteProperties) = preProject
		UseIISExpress = "true"
		TargetFrameworkMoniker = ".NETFramework,Version%3Dv4.5"
		ProjectReferences = "{35225ed9-d6ed-4d85-bed2-2faab1ae70ce}|BLL.dll;{6AFFB242-7535-4051-9460-22F2B93021A4}|DAL.dll;{E69F05A4-B34A-4A64-8B30-E0CF39009275}|Model.dll;{D4274273-493C-4218-AEEC-8FC5D8F1EE71}|Logger.dll;"
		Debug.AspNetCompiler.VirtualPath = "/LensRentalApp2"
		Debug.AspNetCompiler.PhysicalPath = "LensRentalApp2\"
		Debug.AspNetCompiler.TargetPath = "PrecompiledWeb\LensRentalApp2\"
		Debug.AspNetCompiler.Updateable = "true"
		Debug.AspNetCompiler.ForceOverwrite = "true"
		Debug.AspNetCompiler.FixedNames = "false"
		Debug.AspNetCompiler.Debug = "True"
		Release.AspNetCompiler.VirtualPath = "/LensRentalApp2"
		Release.AspNetCompiler.PhysicalPath = "LensRentalApp2\"
		Release.AspNetCompiler.TargetPath = "PrecompiledWeb\LensRentalApp2\"
		Release.AspNetCompiler.Updateable = "true"
		Release.AspNetCompiler.ForceOverwrite = "true"
		Release.AspNetCompiler.FixedNames = "false"
		Release.AspNetCompiler.Debug = "False"
		SlnRelativePath = "LensRentalApp2\"
	EndProjectSection
EndProject
Project("{FAE04EC0-301F-11D3-BF4B-00C04F79EFBC}") = "Logger", "LensRentalApp2\Logger\Logger.csproj", "{D4274273-493C-4218-AEEC-8FC5D8F1EE71}"
EndProject
Global
	GlobalSection(SolutionConfigurationPlatforms) = preSolution
		Debug|Any CPU = Debug|Any CPU
		Release|Any CPU = Release|Any CPU
	EndGlobalSection
	GlobalSection(ProjectConfigurationPlatforms) = postSolution
		{E69F05A4-B34A-4A64-8B30-E0CF39009275}.Debug|Any CPU.ActiveCfg = Debug|Any CPU
		{E69F05A4-B34A-4A64-8B30-E0CF39009275}.Debug|Any CPU.Build.0 = Debug|Any CPU
		{E69F05A4-B34A-4A64-8B30-E0CF39009275}.Release|Any CPU.ActiveCfg = Release|Any CPU
		{E69F05A4-B34A-4A64-8B30-E0CF39009275}.Release|Any CPU.Build.0 = Release|Any CPU
		{35225ED9-D6ED-4D85-BED2-2FAAB1AE70CE}.Debug|Any CPU.ActiveCfg = Debug|Any CPU
		{35225ED9-D6ED-4D85-BED2-2FAAB1AE70CE}.Debug|Any CPU.Build.0 = Debug|Any CPU
		{35225ED9-D6ED-4D85-BED2-2FAAB1AE70CE}.Release|Any CPU.ActiveCfg = Release|Any CPU
		{35225ED9-D6ED-4D85-BED2-2FAAB1AE70CE}.Release|Any CPU.Build.0 = Release|Any CPU
		{6AFFB242-7535-4051-9460-22F2B93021A4}.Debug|Any CPU.ActiveCfg = Debug|Any CPU
		{6AFFB242-7535-4051-9460-22F2B93021A4}.Debug|Any CPU.Build.0 = Debug|Any CPU
		{6AFFB242-7535-4051-9460-22F2B93021A4}.Release|Any CPU.ActiveCfg = Release|Any CPU
		{6AFFB242-7535-4051-9460-22F2B93021A4}.Release|Any CPU.Build.0 = Release|Any CPU
		{A8BF7E12-5859-4B21-BFA4-066091668C7D}.Debug|Any CPU.ActiveCfg = Debug|Any CPU
		{A8BF7E12-5859-4B21-BFA4-066091668C7D}.Debug|Any CPU.Build.0 = Debug|Any CPU
		{A8BF7E12-5859-4B21-BFA4-066091668C7D}.Release|Any CPU.ActiveCfg = Debug|Any CPU
		{A8BF7E12-5859-4B21-BFA4-066091668C7D}.Release|Any CPU.Build.0 = Debug|Any CPU
		{D4274273-493C-4218-AEEC-8FC5D8F1EE71}.Debug|Any CPU.ActiveCfg = Debug|Any CPU
		{D4274273-493C-4218-AEEC-8FC5D8F1EE71}.Debug|Any CPU.Build.0 = Debug|Any CPU
		{D4274273-493C-4218-AEEC-8FC5D8F1EE71}.Release|Any CPU.ActiveCfg = Release|Any CPU
		{D4274273-493C-4218-AEEC-8FC5D8F1EE71}.Release|Any CPU.Build.0 = Release|Any CPU
	EndGlobalSection
	GlobalSection(SolutionProperties) = preSolution
		HideSolutionNode = FALSE
	EndGlobalSection
EndGlobal
